
Microsoft Visual Studio Solution File, Format Version 12.00
# Visual Studio Version 17
VisualStudioVersion = 17.3.32929.385
MinimumVisualStudioVersion = 10.0.40219.1
Project("{FAE04EC0-301F-11D3-BF4B-00C04F79EFBC}") = "WEB.API", "WEB.API\WEB.API.csproj", "{CCDCE613-0A75-4070-AEE5-21D08F3B4170}"
EndProject
Global
	GlobalSection(SolutionConfigurationPlatforms) = preSolution
		Debug|Any CPU = Debug|Any CPU
		Release|Any CPU = Release|Any CPU
	EndGlobalSection
	GlobalSection(ProjectConfigurationPlatforms) = postSolution
		{CCDCE613-0A75-4070-AEE5-21D08F3B4170}.Debug|Any CPU.ActiveCfg = Debug|Any CPU
		{CCDCE613-0A75-4070-AEE5-21D08F3B4170}.Debug|Any CPU.Build.0 = Debug|Any CPU
		{CCDCE613-0A75-4070-AEE5-21D08F3B4170}.Release|Any CPU.ActiveCfg = Release|Any CPU
		{CCDCE613-0A75-4070-AEE5-21D08F3B4170}.Release|Any CPU.Build.0 = Release|Any CPU
	EndGlobalSection
	GlobalSection(SolutionProperties) = preSolution
		HideSolutionNode = FALSE
	EndGlobalSection
	GlobalSection(ExtensibilityGlobals) = postSolution
		SolutionGuid = {2E8F41C3-14A2-4F45-84BF-F88222C6CEB1}
	EndGlobalSection
EndGlobal
